
Microsoft Visual Studio Solution File, Format Version 12.00
# Visual Studio 14
VisualStudioVersion = 14.0.23107.0
MinimumVisualStudioVersion = 10.0.40219.1
Project("{FAE04EC0-301F-11D3-BF4B-00C04F79EFBC}") = "GateWay.DbHelper", "GateWay.DbHelper\GateWay.DbHelper.csproj", "{220CA179-6EC5-4128-B52A-D1A712E73229}"
EndProject
Project("{FAE04EC0-301F-11D3-BF4B-00C04F79EFBC}") = "GateWay.Web", "GateWay.Web\GateWay.Web.csproj", "{17AB8E22-FA8F-43C6-8963-D436CD329B4F}"
EndProject
Project("{FAE04EC0-301F-11D3-BF4B-00C04F79EFBC}") = "GateWay.Core", "GateWay.Core\GateWay.Core.csproj", "{7E19B8DA-C4E9-48DF-A3F5-89D3C3A5A8E1}"
EndProject
Project("{FAE04EC0-301F-11D3-BF4B-00C04F79EFBC}") = "GateWay.Crawler", "GateWay.Crawler\GateWay.Crawler.csproj", "{29A91D33-1B66-474E-A732-DD0B7DC313E8}"
EndProject
Global
	GlobalSection(SolutionConfigurationPlatforms) = preSolution
		Debug|Any CPU = Debug|Any CPU
		Release|Any CPU = Release|Any CPU
	EndGlobalSection
	GlobalSection(ProjectConfigurationPlatforms) = postSolution
		{220CA179-6EC5-4128-B52A-D1A712E73229}.Debug|Any CPU.ActiveCfg = Debug|Any CPU
		{220CA179-6EC5-4128-B52A-D1A712E73229}.Debug|Any CPU.Build.0 = Debug|Any CPU
		{220CA179-6EC5-4128-B52A-D1A712E73229}.Release|Any CPU.ActiveCfg = Release|Any CPU
		{220CA179-6EC5-4128-B52A-D1A712E73229}.Release|Any CPU.Build.0 = Release|Any CPU
		{17AB8E22-FA8F-43C6-8963-D436CD329B4F}.Debug|Any CPU.ActiveCfg = Debug|Any CPU
		{17AB8E22-FA8F-43C6-8963-D436CD329B4F}.Debug|Any CPU.Build.0 = Debug|Any CPU
		{17AB8E22-FA8F-43C6-8963-D436CD329B4F}.Release|Any CPU.ActiveCfg = Release|Any CPU
		{17AB8E22-FA8F-43C6-8963-D436CD329B4F}.Release|Any CPU.Build.0 = Release|Any CPU
		{7E19B8DA-C4E9-48DF-A3F5-89D3C3A5A8E1}.Debug|Any CPU.ActiveCfg = Debug|Any CPU
		{7E19B8DA-C4E9-48DF-A3F5-89D3C3A5A8E1}.Debug|Any CPU.Build.0 = Debug|Any CPU
		{7E19B8DA-C4E9-48DF-A3F5-89D3C3A5A8E1}.Release|Any CPU.ActiveCfg = Release|Any CPU
		{7E19B8DA-C4E9-48DF-A3F5-89D3C3A5A8E1}.Release|Any CPU.Build.0 = Release|Any CPU
		{29A91D33-1B66-474E-A732-DD0B7DC313E8}.Debug|Any CPU.ActiveCfg = Debug|Any CPU
		{29A91D33-1B66-474E-A732-DD0B7DC313E8}.Debug|Any CPU.Build.0 = Debug|Any CPU
		{29A91D33-1B66-474E-A732-DD0B7DC313E8}.Release|Any CPU.ActiveCfg = Release|Any CPU
		{29A91D33-1B66-474E-A732-DD0B7DC313E8}.Release|Any CPU.Build.0 = Release|Any CPU
	EndGlobalSection
	GlobalSection(SolutionProperties) = preSolution
		HideSolutionNode = FALSE
	EndGlobalSection
EndGlobal
